
Microsoft Visual Studio Solution File, Format Version 12.00
# Visual Studio Version 17
VisualStudioVersion = 17.2.32519.379
MinimumVisualStudioVersion = 10.0.40219.1
Project("{9A19103F-16F7-4668-BE54-9A1E7A4F7556}") = "TraversalCoreProje", "TraversalCoreProje\TraversalCoreProje.csproj", "{582819A8-615D-45D6-BF27-00CF0D344C96}"
EndProject
Project("{9A19103F-16F7-4668-BE54-9A1E7A4F7556}") = "EntityLayer", "EntityLayer\EntityLayer.csproj", "{EC77BCDE-43ED-42EB-8E3C-7C65442778C4}"
EndProject
Project("{9A19103F-16F7-4668-BE54-9A1E7A4F7556}") = "DataAccessLayer", "DataAccessLayer\DataAccessLayer.csproj", "{99D40FBB-ABE9-4BE2-8327-AB7BB04ABECD}"
EndProject
Project("{9A19103F-16F7-4668-BE54-9A1E7A4F7556}") = "BusinessLayer", "BusinessLayer\BusinessLayer.csproj", "{C60A31AE-6D91-409B-BCD8-CEC00A2D69F8}"
EndProject
Project("{FAE04EC0-301F-11D3-BF4B-00C04F79EFBC}") = "DTOLayer", "DTOLayer\DTOLayer.csproj", "{2F7DC0A0-58A0-4C7E-BAA1-CCEAB0898125}"
EndProject
Global
	GlobalSection(SolutionConfigurationPlatforms) = preSolution
		Debug|Any CPU = Debug|Any CPU
		Release|Any CPU = Release|Any CPU
	EndGlobalSection
	GlobalSection(ProjectConfigurationPlatforms) = postSolution
		{582819A8-615D-45D6-BF27-00CF0D344C96}.Debug|Any CPU.ActiveCfg = Debug|Any CPU
		{582819A8-615D-45D6-BF27-00CF0D344C96}.Debug|Any CPU.Build.0 = Debug|Any CPU
		{582819A8-615D-45D6-BF27-00CF0D344C96}.Release|Any CPU.ActiveCfg = Release|Any CPU
		{582819A8-615D-45D6-BF27-00CF0D344C96}.Release|Any CPU.Build.0 = Release|Any CPU
		{EC77BCDE-43ED-42EB-8E3C-7C65442778C4}.Debug|Any CPU.ActiveCfg = Debug|Any CPU
		{EC77BCDE-43ED-42EB-8E3C-7C65442778C4}.Debug|Any CPU.Build.0 = Debug|Any CPU
		{EC77BCDE-43ED-42EB-8E3C-7C65442778C4}.Release|Any CPU.ActiveCfg = Release|Any CPU
		{EC77BCDE-43ED-42EB-8E3C-7C65442778C4}.Release|Any CPU.Build.0 = Release|Any CPU
		{99D40FBB-ABE9-4BE2-8327-AB7BB04ABECD}.Debug|Any CPU.ActiveCfg = Debug|Any CPU
		{99D40FBB-ABE9-4BE2-8327-AB7BB04ABECD}.Debug|Any CPU.Build.0 = Debug|Any CPU
		{99D40FBB-ABE9-4BE2-8327-AB7BB04ABECD}.Release|Any CPU.ActiveCfg = Release|Any CPU
		{99D40FBB-ABE9-4BE2-8327-AB7BB04ABECD}.Release|Any CPU.Build.0 = Release|Any CPU
		{C60A31AE-6D91-409B-BCD8-CEC00A2D69F8}.Debug|Any CPU.ActiveCfg = Debug|Any CPU
		{C60A31AE-6D91-409B-BCD8-CEC00A2D69F8}.Debug|Any CPU.Build.0 = Debug|Any CPU
		{C60A31AE-6D91-409B-BCD8-CEC00A2D69F8}.Release|Any CPU.ActiveCfg = Release|Any CPU
		{C60A31AE-6D91-409B-BCD8-CEC00A2D69F8}.Release|Any CPU.Build.0 = Release|Any CPU
		{2F7DC0A0-58A0-4C7E-BAA1-CCEAB0898125}.Debug|Any CPU.ActiveCfg = Debug|Any CPU
		{2F7DC0A0-58A0-4C7E-BAA1-CCEAB0898125}.Debug|Any CPU.Build.0 = Debug|Any CPU
		{2F7DC0A0-58A0-4C7E-BAA1-CCEAB0898125}.Release|Any CPU.ActiveCfg = Release|Any CPU
		{2F7DC0A0-58A0-4C7E-BAA1-CCEAB0898125}.Release|Any CPU.Build.0 = Release|Any CPU
	EndGlobalSection
	GlobalSection(SolutionProperties) = preSolution
		HideSolutionNode = FALSE
	EndGlobalSection
	GlobalSection(ExtensibilityGlobals) = postSolution
		SolutionGuid = {8974EB8A-C8E4-41A7-9CAD-102678309E20}
	EndGlobalSection
EndGlobal
